
Microsoft Visual Studio Solution File, Format Version 12.00
# Visual Studio Version 17
VisualStudioVersion = 17.3.32922.545
MinimumVisualStudioVersion = 10.0.40219.1
Project("{FAE04EC0-301F-11D3-BF4B-00C04F79EFBC}") = "SimpleChat", "SimpleChat\SimpleChat.csproj", "{2A3D2573-9C57-4FBE-8A83-5776D7E7672C}"
EndProject
Global
	GlobalSection(SolutionConfigurationPlatforms) = preSolution
		Debug|Any CPU = Debug|Any CPU
		Release|Any CPU = Release|Any CPU
	EndGlobalSection
	GlobalSection(ProjectConfigurationPlatforms) = postSolution
		{2A3D2573-9C57-4FBE-8A83-5776D7E7672C}.Debug|Any CPU.ActiveCfg = Debug|Any CPU
		{2A3D2573-9C57-4FBE-8A83-5776D7E7672C}.Debug|Any CPU.Build.0 = Debug|Any CPU
		{2A3D2573-9C57-4FBE-8A83-5776D7E7672C}.Release|Any CPU.ActiveCfg = Release|Any CPU
		{2A3D2573-9C57-4FBE-8A83-5776D7E7672C}.Release|Any CPU.Build.0 = Release|Any CPU
	EndGlobalSection
	GlobalSection(SolutionProperties) = preSolution
		HideSolutionNode = FALSE
	EndGlobalSection
	GlobalSection(ExtensibilityGlobals) = postSolution
		SolutionGuid = {1D091E60-6382-4EB3-A8C7-39A1927870B0}
	EndGlobalSection
EndGlobal
